
Microsoft Visual Studio Solution File, Format Version 12.00
# Visual Studio 2013
VisualStudioVersion = 12.0.40629.0
MinimumVisualStudioVersion = 10.0.40219.1
Project("{FAE04EC0-301F-11D3-BF4B-00C04F79EFBC}") = "JoZhTranslit.Portable", "JoZhTranslit\JoZhTranslit.Portable.csproj", "{62CBB9A8-F7B7-49CF-8162-A113287B65A4}"
EndProject
Project("{FAE04EC0-301F-11D3-BF4B-00C04F79EFBC}") = "JoZhTranslit.Tests.Portable", "JoZhTranslit.Tests\JoZhTranslit.Tests.Portable.csproj", "{BD2B7037-F803-4F6F-8E8F-5876520319F3}"
EndProject
Global
	GlobalSection(SolutionConfigurationPlatforms) = preSolution
		Debug|Any CPU = Debug|Any CPU
		Release|Any CPU = Release|Any CPU
	EndGlobalSection
	GlobalSection(ProjectConfigurationPlatforms) = postSolution
		{62CBB9A8-F7B7-49CF-8162-A113287B65A4}.Debug|Any CPU.ActiveCfg = Debug|Any CPU
		{62CBB9A8-F7B7-49CF-8162-A113287B65A4}.Debug|Any CPU.Build.0 = Debug|Any CPU
		{62CBB9A8-F7B7-49CF-8162-A113287B65A4}.Release|Any CPU.ActiveCfg = Release|Any CPU
		{62CBB9A8-F7B7-49CF-8162-A113287B65A4}.Release|Any CPU.Build.0 = Release|Any CPU
		{BD2B7037-F803-4F6F-8E8F-5876520319F3}.Debug|Any CPU.ActiveCfg = Debug|Any CPU
		{BD2B7037-F803-4F6F-8E8F-5876520319F3}.Debug|Any CPU.Build.0 = Debug|Any CPU
		{BD2B7037-F803-4F6F-8E8F-5876520319F3}.Release|Any CPU.ActiveCfg = Release|Any CPU
		{BD2B7037-F803-4F6F-8E8F-5876520319F3}.Release|Any CPU.Build.0 = Release|Any CPU
	EndGlobalSection
	GlobalSection(SolutionProperties) = preSolution
		HideSolutionNode = FALSE
	EndGlobalSection
EndGlobal
